
Microsoft Visual Studio Solution File, Format Version 12.00
# Visual Studio 15
VisualStudioVersion = 15.0.28010.2003
MinimumVisualStudioVersion = 10.0.40219.1
Project("{FAE04EC0-301F-11D3-BF4B-00C04F79EFBC}") = "Nu3Admin", "Nu3Admin\Nu3Admin.csproj", "{ACD67153-154E-48F6-BA53-2E410309A7FA}"
EndProject
Project("{9A19103F-16F7-4668-BE54-9A1E7A4F7556}") = "Nu3", "..\..\Nu3.Api\Nu3\Nu3.csproj", "{4D3CC38F-FE58-4EDA-8B02-7823E420447F}"
EndProject
Global
	GlobalSection(SolutionConfigurationPlatforms) = preSolution
		Debug|Any CPU = Debug|Any CPU
		Release|Any CPU = Release|Any CPU
	EndGlobalSection
	GlobalSection(ProjectConfigurationPlatforms) = postSolution
		{ACD67153-154E-48F6-BA53-2E410309A7FA}.Debug|Any CPU.ActiveCfg = Debug|Any CPU
		{ACD67153-154E-48F6-BA53-2E410309A7FA}.Debug|Any CPU.Build.0 = Debug|Any CPU
		{ACD67153-154E-48F6-BA53-2E410309A7FA}.Release|Any CPU.ActiveCfg = Release|Any CPU
		{ACD67153-154E-48F6-BA53-2E410309A7FA}.Release|Any CPU.Build.0 = Release|Any CPU
		{4D3CC38F-FE58-4EDA-8B02-7823E420447F}.Debug|Any CPU.ActiveCfg = Debug|Any CPU
		{4D3CC38F-FE58-4EDA-8B02-7823E420447F}.Debug|Any CPU.Build.0 = Debug|Any CPU
		{4D3CC38F-FE58-4EDA-8B02-7823E420447F}.Release|Any CPU.ActiveCfg = Release|Any CPU
		{4D3CC38F-FE58-4EDA-8B02-7823E420447F}.Release|Any CPU.Build.0 = Release|Any CPU
	EndGlobalSection
	GlobalSection(SolutionProperties) = preSolution
		HideSolutionNode = FALSE
	EndGlobalSection
	GlobalSection(ExtensibilityGlobals) = postSolution
		SolutionGuid = {8FDC9F19-5B63-411C-B9AB-E25068435BDF}
	EndGlobalSection
EndGlobal
